
Microsoft Visual Studio Solution File, Format Version 12.00
# Visual Studio Version 16
VisualStudioVersion = 16.0.30717.126
MinimumVisualStudioVersion = 10.0.40219.1
Project("{9A19103F-16F7-4668-BE54-9A1E7A4F7556}") = "WebApplication2", "WebApplication2\WebApplication2.csproj", "{1995178F-7EF1-4DDD-8431-7C23BD14877C}"
EndProject
Project("{FAE04EC0-301F-11D3-BF4B-00C04F79EFBC}") = "ConsoleApp1", "ConsoleApp1\ConsoleApp1.csproj", "{26B5FE54-C8E1-4F24-A6FC-62BC608A54A5}"
EndProject
Global
	GlobalSection(SolutionConfigurationPlatforms) = preSolution
		Debug|Any CPU = Debug|Any CPU
		Release|Any CPU = Release|Any CPU
	EndGlobalSection
	GlobalSection(ProjectConfigurationPlatforms) = postSolution
		{1995178F-7EF1-4DDD-8431-7C23BD14877C}.Debug|Any CPU.ActiveCfg = Debug|Any CPU
		{1995178F-7EF1-4DDD-8431-7C23BD14877C}.Debug|Any CPU.Build.0 = Debug|Any CPU
		{1995178F-7EF1-4DDD-8431-7C23BD14877C}.Release|Any CPU.ActiveCfg = Release|Any CPU
		{1995178F-7EF1-4DDD-8431-7C23BD14877C}.Release|Any CPU.Build.0 = Release|Any CPU
		{26B5FE54-C8E1-4F24-A6FC-62BC608A54A5}.Debug|Any CPU.ActiveCfg = Debug|Any CPU
		{26B5FE54-C8E1-4F24-A6FC-62BC608A54A5}.Debug|Any CPU.Build.0 = Debug|Any CPU
		{26B5FE54-C8E1-4F24-A6FC-62BC608A54A5}.Release|Any CPU.ActiveCfg = Release|Any CPU
		{26B5FE54-C8E1-4F24-A6FC-62BC608A54A5}.Release|Any CPU.Build.0 = Release|Any CPU
	EndGlobalSection
	GlobalSection(SolutionProperties) = preSolution
		HideSolutionNode = FALSE
	EndGlobalSection
	GlobalSection(ExtensibilityGlobals) = postSolution
		SolutionGuid = {37ACC053-C796-424D-BC0E-C767CB491D3A}
	EndGlobalSection
EndGlobal
